<?xml version="1.0" encoding="utf-8"?>
<Project ToolsVersion="4.0" xmlns="http://schemas.microsoft.com/developer/msbuild/2003">
  <ItemGroup>
    <Filter Include="Header Files">
      <UniqueIdentifier>{47ce8588-789c-41e2-af46-d470bca705bb}</UniqueIdentifier>
    </Filter>
    <Filter Include="Source Files">
      <UniqueIdentifier>{6d4448cb-de40-4930-a8d6-c580692b4322}</UniqueIdentifier>
    </Filter>
  </ItemGroup>
  <ItemGroup>
    <ClInclude Include="..\include\dc_fsf\dc_fsf.h">
      <Filter>Header Files</Filter>
    </ClInclude>
    <ClInclude Include="..\include\dc_fsf\fs_filter.h">
      <Filter>Header Files</Filter>
    </ClInclude>
    <ClInclude Include="..\include\dc_fsf\misc.h">
      <Filter>Header Files</Filter>
    </ClInclude>
  </ItemGroup>
  <ItemGroup>
    <ClCompile Include="dc_fsf.c">
      <Filter>Source Files</Filter>
    </ClCompile>
    <ClCompile Include="fs_filter.c">
      <Filter>Source Files</Filter>
    </ClCompile>
    <ClCompile Include="misc.c">
      <Filter>Source Files</Filter>
    </ClCompile>
  </ItemGroup>
  <ItemGroup>
    <ResourceCompile Include="dc_fsf.rc" />
  </ItemGroup>
</Project>